// !$*UTF8*$!
{
	archiveVersion = 1;
	classes = {
	};
	objectVersion = 48;
	objects = {

/* Begin PBXBuildFile section */
		09592AEE21CB674D008F3710 /* AppDelegate.swift in Sources */ = {isa = PBXBuildFile; fileRef = 09592AED21CB674D008F3710 /* AppDelegate.swift */; };
		09592AF021CB674D008F3710 /* ViewController.swift in Sources */ = {isa = PBXBuildFile; fileRef = 09592AEF21CB674D008F3710 /* ViewController.swift */; };
		09592AF321CB674D008F3710 /* Main.storyboard in Resources */ = {isa = PBXBuildFile; fileRef = 09592AF121CB674D008F3710 /* Main.storyboard */; };
		09592AF521CB674D008F3710 /* Assets.xcassets in Resources */ = {isa = PBXBuildFile; fileRef = 09592AF421CB674D008F3710 /* Assets.xcassets */; };
		09592AF821CB674D008F3710 /* LaunchScreen.storyboard in Resources */ = {isa = PBXBuildFile; fileRef = 09592AF621CB674D008F3710 /* LaunchScreen.storyboard */; };
		09592B0321CB674D008F3710 /* SEMTests.swift in Sources */ = {isa = PBXBuildFile; fileRef = 09592B0221CB674D008F3710 /* SEMTests.swift */; };
		09592B0E21CB674D008F3710 /* SEMUITests.swift in Sources */ = {isa = PBXBuildFile; fileRef = 09592B0D21CB674D008F3710 /* SEMUITests.swift */; };
/* End PBXBuildFile section */

/* Begin PBXContainerItemProxy section */
		09592AFF21CB674D008F3710 /* PBXContainerItemProxy */ = {
			isa = PBXContainerItemProxy;
			containerPortal = 09592AE221CB674D008F3710 /* Project object */;
			proxyType = 1;
			remoteGlobalIDString = 09592AE921CB674D008F3710;
			remoteInfo = SEM;
		};
		09592B0A21CB674D008F3710 /* PBXContainerItemProxy */ = {
			isa = PBXContainerItemProxy;
			containerPortal = 09592AE221CB674D008F3710 /* Project object */;
			proxyType = 1;
			remoteGlobalIDString = 09592AE921CB674D008F3710;
			remoteInfo = SEM;
		};
/* End PBXContainerItemProxy section */

/* Begin PBXFileReference section */
		09592AEA21CB674D008F3710 /* SEM.app */ = {isa = PBXFileReference; explicitFileType = wrapper.application; includeInIndex = 0; path = SEM.app; sourceTree = BUILT_PRODUCTS_DIR; };
		09592AED21CB674D008F3710 /* AppDelegate.swift */ = {isa = PBXFileReference; lastKnownFileType = sourcecode.swift; path = AppDelegate.swift; sourceTree = "<group>"; };
		09592AEF21CB674D008F3710 /* ViewController.swift */ = {isa = PBXFileReference; lastKnownFileType = sourcecode.swift; path = ViewController.swift; sourceTree = "<group>"; };
		09592AF221CB674D008F3710 /* Base */ = {isa = PBXFileReference; lastKnownFileType = file.storyboard; name = Base; path = Base.lproj/Main.storyboard; sourceTree = "<group>"; };
		09592AF421CB674D008F3710 /* Assets.xcassets */ = {isa = PBXFileReference; lastKnownFileType = folder.assetcatalog; path = Assets.xcassets; sourceTree = "<group>"; };
		09592AF721CB674D008F3710 /* Base */ = {isa = PBXFileReference; lastKnownFileType = file.storyboard; name = Base; path = Base.lproj/LaunchScreen.storyboard; sourceTree = "<group>"; };
		09592AF921CB674D008F3710 /* Info.plist */ = {isa = PBXFileReference; lastKnownFileType = text.plist.xml; path = Info.plist; sourceTree = "<group>"; };
		09592AFE21CB674D008F3710 /* SEMTests.xctest */ = {isa = PBXFileReference; explicitFileType = wrapper.cfbundle; includeInIndex = 0; path = SEMTests.xctest; sourceTree = BUILT_PRODUCTS_DIR; };
		09592B0221CB674D008F3710 /* SEMTests.swift */ = {isa = PBXFileReference; lastKnownFileType = sourcecode.swift; path = SEMTests.swift; sourceTree = "<group>"; };
		09592B0421CB674D008F3710 /* Info.plist */ = {isa = PBXFileReference; lastKnownFileType = text.plist.xml; path = Info.plist; sourceTree = "<group>"; };
		09592B0921CB674D008F3710 /* SEMUITests.xctest */ = {isa = PBXFileReference; explicitFileType = wrapper.cfbundle; includeInIndex = 0; path = SEMUITests.xctest; sourceTree = BUILT_PRODUCTS_DIR; };
		09592B0D21CB674D008F3710 /* SEMUITests.swift */ = {isa = PBXFileReference; lastKnownFileType = sourcecode.swift; path = SEMUITests.swift; sourceTree = "<group>"; };
		09592B0F21CB674D008F3710 /* Info.plist */ = {isa = PBXFileReference; lastKnownFileType = text.plist.xml; path = Info.plist; sourceTree = "<group>"; };
/* End PBXFileReference section */

/* Begin PBXFrameworksBuildPhase section */
		09592AE721CB674D008F3710 /* Frameworks */ = {
			isa = PBXFrameworksBuildPhase;
			buildActionMask = 2147483647;
			files = (
			);
			runOnlyForDeploymentPostprocessing = 0;
		};
		09592AFB21CB674D008F3710 /* Frameworks */ = {
			isa = PBXFrameworksBuildPhase;
			buildActionMask = 2147483647;
			files = (
			);
			runOnlyForDeploymentPostprocessing = 0;
		};
		09592B0621CB674D008F3710 /* Frameworks */ = {
			isa = PBXFrameworksBuildPhase;
			buildActionMask = 2147483647;
			files = (
			);
			runOnlyForDeploymentPostprocessing = 0;
		};
/* End PBXFrameworksBuildPhase section */

/* Begin PBXGroup section */
		09592AE121CB674D008F3710 = {
			isa = PBXGroup;
			children = (
				09592AEC21CB674D008F3710 /* SEM */,
				09592B0121CB674D008F3710 /* SEMTests */,
				09592B0C21CB674D008F3710 /* SEMUITests */,
				09592AEB21CB674D008F3710 /* Products */,
			);
			sourceTree = "<group>";
		};
		09592AEB21CB674D008F3710 /* Products */ = {
			isa = PBXGroup;
			children = (
				09592AEA21CB674D008F3710 /* SEM.app */,
				09592AFE21CB674D008F3710 /* SEMTests.xctest */,
				09592B0921CB674D008F3710 /* SEMUITests.xctest */,
			);
			name = Products;
			sourceTree = "<group>";
		};
		09592AEC21CB674D008F3710 /* SEM */ = {
			isa = PBXGroup;
			children = (
				09592AED21CB674D008F3710 /* AppDelegate.swift */,
				09592AEF21CB674D008F3710 /* ViewController.swift */,
				09592AF121CB674D008F3710 /* Main.storyboard */,
				09592AF421CB674D008F3710 /* Assets.xcassets */,
				09592AF621CB674D008F3710 /* LaunchScreen.storyboard */,
				09592AF921CB674D008F3710 /* Info.plist */,
			);
			path = SEM;
			sourceTree = "<group>";
		};
		09592B0121CB674D008F3710 /* SEMTests */ = {
			isa = PBXGroup;
			children = (
				09592B0221CB674D008F3710 /* SEMTests.swift */,
				09592B0421CB674D008F3710 /* Info.plist */,
			);
			path = SEMTests;
			sourceTree = "<group>";
		};
		09592B0C21CB674D008F3710 /* SEMUITests */ = {
			isa = PBXGroup;
			children = (
				09592B0D21CB674D008F3710 /* SEMUITests.swift */,
				09592B0F21CB674D008F3710 /* Info.plist */,
			);
			path = SEMUITests;
			sourceTree = "<group>";
		};
/* End PBXGroup section */

/* Begin PBXNativeTarget section */
		09592AE921CB674D008F3710 /* SEM */ = {
			isa = PBXNativeTarget;
			buildConfigurationList = 09592B1221CB674D008F3710 /* Build configuration list for PBXNativeTarget "SEM" */;
			buildPhases = (
				09592AE621CB674D008F3710 /* Sources */,
				09592AE721CB674D008F3710 /* Frameworks */,
				09592AE821CB674D008F3710 /* Resources */,
			);
			buildRules = (
			);
			dependencies = (
			);
			name = SEM;
			productName = SEM;
			productReference = 09592AEA21CB674D008F3710 /* SEM.app */;
			productType = "com.apple.product-type.application";
		};
		09592AFD21CB674D008F3710 /* SEMTests */ = {
			isa = PBXNativeTarget;
			buildConfigurationList = 09592B1521CB674D008F3710 /* Build configuration list for PBXNativeTarget "SEMTests" */;
			buildPhases = (
				09592AFA21CB674D008F3710 /* Sources */,
				09592AFB21CB674D008F3710 /* Frameworks */,
				09592AFC21CB674D008F3710 /* Resources */,
			);
			buildRules = (
			);
			dependencies = (
				09592B0021CB674D008F3710 /* PBXTargetDependency */,
			);
			name = SEMTests;
			productName = SEMTests;
			productReference = 09592AFE21CB674D008F3710 /* SEMTests.xctest */;
			productType = "com.apple.product-type.bundle.unit-test";
		};
		09592B0821CB674D008F3710 /* SEMUITests */ = {
			isa = PBXNativeTarget;
			buildConfigurationList = 09592B1821CB674D008F3710 /* Build configuration list for PBXNativeTarget "SEMUITests" */;
			buildPhases = (
				09592B0521CB674D008F3710 /* Sources */,
				09592B0621CB674D008F3710 /* Frameworks */,
				09592B0721CB674D008F3710 /* Resources */,
			);
			buildRules = (
			);
			dependencies = (
				09592B0B21CB674D008F3710 /* PBXTargetDependency */,
			);
			name = SEMUITests;
			productName = SEMUITests;
			productReference = 09592B0921CB674D008F3710 /* SEMUITests.xctest */;
			productType = "com.apple.product-type.bundle.ui-testing";
		};
/* End PBXNativeTarget section */

/* Begin PBXProject section */
		09592AE221CB674D008F3710 /* Project object */ = {
			isa = PBXProject;
			attributes = {
				LastSwiftUpdateCheck = 0920;
				LastUpgradeCheck = 0920;
				ORGANIZATIONNAME = Ipman;
				TargetAttributes = {
					09592AE921CB674D008F3710 = {
						CreatedOnToolsVersion = 9.2;
						ProvisioningStyle = Automatic;
					};
					09592AFD21CB674D008F3710 = {
						CreatedOnToolsVersion = 9.2;
						ProvisioningStyle = Automatic;
						TestTargetID = 09592AE921CB674D008F3710;
					};
					09592B0821CB674D008F3710 = {
						CreatedOnToolsVersion = 9.2;
						ProvisioningStyle = Automatic;
						TestTargetID = 09592AE921CB674D008F3710;
					};
				};
			};
			buildConfigurationList = 09592AE521CB674D008F3710 /* Build configuration list for PBXProject "SEM" */;
			compatibilityVersion = "Xcode 8.0";
			developmentRegion = en;
			hasScannedForEncodings = 0;
			knownRegions = (
				en,
				Base,
			);
			mainGroup = 09592AE121CB674D008F3710;
			productRefGroup = 09592AEB21CB674D008F3710 /* Products */;
			projectDirPath = "";
			projectRoot = "";
			targets = (
				09592AE921CB674D008F3710 /* SEM */,
				09592AFD21CB674D008F3710 /* SEMTests */,
				09592B0821CB674D008F3710 /* SEMUITests */,
			);
		};
/* End PBXProject section */

/* Begin PBXResourcesBuildPhase section */
		09592AE821CB674D008F3710 /* Resources */ = {
			isa = PBXResourcesBuildPhase;
			buildActionMask = 2147483647;
			files = (
				09592AF821CB674D008F3710 /* LaunchScreen.storyboard in Resources */,
				09592AF521CB674D008F3710 /* Assets.xcassets in Resources */,
				09592AF321CB674D008F3710 /* Main.storyboard in Resources */,
			);
			runOnlyForDeploymentPostprocessing = 0;
		};
		09592AFC21CB674D008F3710 /* Resources */ = {
			isa = PBXResourcesBuildPhase;
			buildActionMask = 2147483647;
			files = (
			);
			runOnlyForDeploymentPostprocessing = 0;
		};
		09592B0721CB674D008F3710 /* Resources */ = {
			isa = PBXResourcesBuildPhase;
			buildActionMask = 2147483647;
			files = (
			);
			runOnlyForDeploymentPostprocessing = 0;
		};
/* End PBXResourcesBuildPhase section */

/* Begin PBXSourcesBuildPhase section */
		09592AE621CB674D008F3710 /* Sources */ = {
			isa = PBXSourcesBuildPhase;
			buildActionMask = 2147483647;
			files = (
				09592AF021CB674D008F3710 /* ViewController.swift in Sources */,
				09592AEE21CB674D008F3710 /* AppDelegate.swift in Sources */,
			);
			runOnlyForDeploymentPostprocessing = 0;
		};
		09592AFA21CB674D008F3710 /* Sources */ = {
			isa = PBXSourcesBuildPhase;
			buildActionMask = 2147483647;
			files = (
				09592B0321CB674D008F3710 /* SEMTests.swift in Sources */,
			);
			runOnlyForDeploymentPostprocessing = 0;
		};
		09592B0521CB674D008F3710 /* Sources */ = {
			isa = PBXSourcesBuildPhase;
			buildActionMask = 2147483647;
			files = (
				09592B0E21CB674D008F3710 /* SEMUITests.swift in Sources */,
			);
			runOnlyForDeploymentPostprocessing = 0;
		};
/* End PBXSourcesBuildPhase section */

/* Begin PBXTargetDependency section */
		09592B0021CB674D008F3710 /* PBXTargetDependency */ = {
			isa = PBXTargetDependency;
			target = 09592AE921CB674D008F3710 /* SEM */;
			targetProxy = 09592AFF21CB674D008F3710 /* PBXContainerItemProxy */;
		};
		09592B0B21CB674D008F3710 /* PBXTargetDependency */ = {
			isa = PBXTargetDependency;
			target = 09592AE921CB674D008F3710 /* SEM */;
			targetProxy = 09592B0A21CB674D008F3710 /* PBXContainerItemProxy */;
		};
/* End PBXTargetDependency section */

/* Begin PBXVariantGroup section */
		09592AF121CB674D008F3710 /* Main.storyboard */ = {
			isa = PBXVariantGroup;
			children = (
				09592AF221CB674D008F3710 /* Base */,
			);
			name = Main.storyboard;
			sourceTree = "<group>";
		};
		09592AF621CB674D008F3710 /* LaunchScreen.storyboard */ = {
			isa = PBXVariantGroup;
			children = (
				09592AF721CB674D008F3710 /* Base */,
			);
			name = LaunchScreen.storyboard;
			sourceTree = "<group>";
		};
/* End PBXVariantGroup section */

/* Begin XCBuildConfiguration section */
		09592B1021CB674D008F3710 /* Debug */ = {
			isa = XCBuildConfiguration;
			buildSettings = {
				ALWAYS_SEARCH_USER_PATHS = NO;
				CLANG_ANALYZER_NONNULL = YES;
				CLANG_ANALYZER_NUMBER_OBJECT_CONVERSION = YES_AGGRESSIVE;
				CLANG_CXX_LANGUAGE_STANDARD = "gnu++14";
				CLANG_CXX_LIBRARY = "libc++";
				CLANG_ENABLE_MODULES = YES;
				CLANG_ENABLE_OBJC_ARC = YES;
				CLANG_WARN_BLOCK_CAPTURE_AUTORELEASING = YES;
				CLANG_WARN_BOOL_CONVERSION = YES;
				CLANG_WARN_COMMA = YES;
				CLANG_WARN_CONSTANT_CONVERSION = YES;
				CLANG_WARN_DIRECT_OBJC_ISA_USAGE = YES_ERROR;
				CLANG_WARN_DOCUMENTATION_COMMENTS = YES;
				CLANG_WARN_EMPTY_BODY = YES;
				CLANG_WARN_ENUM_CONVERSION = YES;
				CLANG_WARN_INFINITE_RECURSION = YES;
				CLANG_WARN_INT_CONVERSION = YES;
				CLANG_WARN_NON_LITERAL_NULL_CONVERSION = YES;
				CLANG_WARN_OBJC_LITERAL_CONVERSION = YES;
				CLANG_WARN_OBJC_ROOT_CLASS = YES_ERROR;
				CLANG_WARN_RANGE_LOOP_ANALYSIS = YES;
				CLANG_WARN_STRICT_PROTOTYPES = YES;
				CLANG_WARN_SUSPICIOUS_MOVE = YES;
				CLANG_WARN_UNGUARDED_AVAILABILITY = YES_AGGRESSIVE;
				CLANG_WARN_UNREACHABLE_CODE = YES;
				CLANG_WARN__DUPLICATE_METHOD_MATCH = YES;
				CODE_SIGN_IDENTITY = "iPhone Developer";
				COPY_PHASE_STRIP = NO;
				DEBUG_INFORMATION_FORMAT = dwarf;
				ENABLE_STRICT_OBJC_MSGSEND = YES;
				ENABLE_TESTABILITY = YES;
				GCC_C_LANGUAGE_STANDARD = gnu11;
				GCC_DYNAMIC_NO_PIC = NO;
				GCC_NO_COMMON_BLOCKS = YES;
				GCC_OPTIMIZATION_LEVEL = 0;
				GCC_PREPROCESSOR_DEFINITIONS = (
					"DEBUG=1",
					"$(inherited)",
				);
				GCC_WARN_64_TO_32_BIT_CONVERSION = YES;
				GCC_WARN_ABOUT_RETURN_TYPE = YES_ERROR;
				GCC_WARN_UNDECLARED_SELECTOR = YES;
				GCC_WARN_UNINITIALIZED_AUTOS = YES_AGGRESSIVE;
				GCC_WARN_UNUSED_FUNCTION = YES;
				GCC_WARN_UNUSED_VARIABLE = YES;
				IPHONEOS_DEPLOYMENT_TARGET = 11.2;
				MTL_ENABLE_DEBUG_INFO = YES;
				ONLY_ACTIVE_ARCH = YES;
				SDKROOT = iphoneos;
				SWIFT_ACTIVE_COMPILATION_CONDITIONS = DEBUG;
				SWIFT_OPTIMIZATION_LEVEL = "-Onone";
			};
			name = Debug;
		};
		09592B1121CB674D008F3710 /* Release */ = {
			isa = XCBuildConfiguration;
			buildSettings = {
				ALWAYS_SEARCH_USER_PATHS = NO;
				CLANG_ANALYZER_NONNULL = YES;
				CLANG_ANALYZER_NUMBER_OBJECT_CONVERSION = YES_AGGRESSIVE;
				CLANG_CXX_LANGUAGE_STANDARD = "gnu++14";
				CLANG_CXX_LIBRARY = "libc++";
				CLANG_ENABLE_MODULES = YES;
				CLANG_ENABLE_OBJC_ARC = YES;
				CLANG_WARN_BLOCK_CAPTURE_AUTORELEASING = YES;
				CLANG_WARN_BOOL_CONVERSION = YES;
				CLANG_WARN_COMMA = YES;
				CLANG_WARN_CONSTANT_CONVERSION = YES;
				CLANG_WARN_DIRECT_OBJC_ISA_USAGE = YES_ERROR;
				CLANG_WARN_DOCUMENTATION_COMMENTS = YES;
				CLANG_WARN_EMPTY_BODY = YES;
				CLANG_WARN_ENUM_CONVERSION = YES;
				CLANG_WARN_INFINITE_RECURSION = YES;
				CLANG_WARN_INT_CONVERSION = YES;
				CLANG_WARN_NON_LITERAL_NULL_CONVERSION = YES;
				CLANG_WARN_OBJC_LITERAL_CONVERSION = YES;
				CLANG_WARN_OBJC_ROOT_CLASS = YES_ERROR;
				CLANG_WARN_RANGE_LOOP_ANALYSIS = YES;
				CLANG_WARN_STRICT_PROTOTYPES = YES;
				CLANG_WARN_SUSPICIOUS_MOVE = YES;
				CLANG_WARN_UNGUARDED_AVAILABILITY = YES_AGGRESSIVE;
				CLANG_WARN_UNREACHABLE_CODE = YES;
				CLANG_WARN__DUPLICATE_METHOD_MATCH = YES;
				CODE_SIGN_IDENTITY = "iPhone Developer";
				COPY_PHASE_STRIP = NO;
				DEBUG_INFORMATION_FORMAT = "dwarf-with-dsym";
				ENABLE_NS_ASSERTIONS = NO;
				ENABLE_STRICT_OBJC_MSGSEND = YES;
				GCC_C_LANGUAGE_STANDARD = gnu11;
				GCC_NO_COMMON_BLOCKS = YES;
				GCC_WARN_64_TO_32_BIT_CONVERSION = YES;
				GCC_WARN_ABOUT_RETURN_TYPE = YES_ERROR;
				GCC_WARN_UNDECLARED_SELECTOR = YES;
				GCC_WARN_UNINITIALIZED_AUTOS = YES_AGGRESSIVE;
				GCC_WARN_UNUSED_FUNCTION = YES;
				GCC_WARN_UNUSED_VARIABLE = YES;
				IPHONEOS_DEPLOYMENT_TARGET = 11.2;
				MTL_ENABLE_DEBUG_INFO = NO;
				SDKROOT = iphoneos;
				SWIFT_OPTIMIZATION_LEVEL = "-Owholemodule";
				VALIDATE_PRODUCT = YES;
			};
			name = Release;
		};
		09592B1321CB674D008F3710 /* Debug */ = {
			isa = XCBuildConfiguration;
			buildSettings = {
				ASSETCATALOG_COMPILER_APPICON_NAME = AppIcon;
				CODE_SIGN_STYLE = Automatic;
				DEVELOPMENT_TEAM = VPM33LB9A7;
				INFOPLIST_FILE = SEM/Info.plist;
				LD_RUNPATH_SEARCH_PATHS = "$(inherited) @executable_path/Frameworks";
				PRODUCT_BUNDLE_IDENTIFIER = com.cinnolab.SEM;
				PRODUCT_NAME = "$(TARGET_NAME)";
				SWIFT_VERSION = 4.0;
				TARGETED_DEVICE_FAMILY = "1,2";
			};
			name = Debug;
		};
		09592B1421CB674D008F3710 /* Release */ = {
			isa = XCBuildConfiguration;
			buildSettings = {
				ASSETCATALOG_COMPILER_APPICON_NAME = AppIcon;
				CODE_SIGN_STYLE = Automatic;
				DEVELOPMENT_TEAM = VPM33LB9A7;
				INFOPLIST_FILE = SEM/Info.plist;
				LD_RUNPATH_SEARCH_PATHS = "$(inherited) @executable_path/Frameworks";
				PRODUCT_BUNDLE_IDENTIFIER = com.cinnolab.SEM;
				PRODUCT_NAME = "$(TARGET_NAME)";
				SWIFT_VERSION = 4.0;
				TARGETED_DEVICE_FAMILY = "1,2";
			};
			name = Release;
		};
		09592B1621CB674D008F3710 /* Debug */ = {
			isa = XCBuildConfiguration;
			buildSettings = {
				ALWAYS_EMBED_SWIFT_STANDARD_LIBRARIES = YES;
				BUNDLE_LOADER = "$(TEST_HOST)";
				CODE_SIGN_STYLE = Automatic;
				DEVELOPMENT_TEAM = VPM33LB9A7;
				INFOPLIST_FILE = SEMTests/Info.plist;
				LD_RUNPATH_SEARCH_PATHS = "$(inherited) @executable_path/Frameworks @loader_path/Frameworks";
				PRODUCT_BUNDLE_IDENTIFIER = com.cinnolab.SEMTests;
				PRODUCT_NAME = "$(TARGET_NAME)";
				SWIFT_VERSION = 4.0;
				TARGETED_DEVICE_FAMILY = "1,2";
				TEST_HOST = "$(BUILT_PRODUCTS_DIR)/SEM.app/SEM";
			};
			name = Debug;
		};
		09592B1721CB674D008F3710 /* Release */ = {
			isa = XCBuildConfiguration;
			buildSettings = {
				ALWAYS_EMBED_SWIFT_STANDARD_LIBRARIES = YES;
				BUNDLE_LOADER = "$(TEST_HOST)";
				CODE_SIGN_STYLE = Automatic;
				DEVELOPMENT_TEAM = VPM33LB9A7;
				INFOPLIST_FILE = SEMTests/Info.plist;
				LD_RUNPATH_SEARCH_PATHS = "$(inherited) @executable_path/Frameworks @loader_path/Frameworks";
				PRODUCT_BUNDLE_IDENTIFIER = com.cinnolab.SEMTests;
				PRODUCT_NAME = "$(TARGET_NAME)";
				SWIFT_VERSION = 4.0;
				TARGETED_DEVICE_FAMILY = "1,2";
				TEST_HOST = "$(BUILT_PRODUCTS_DIR)/SEM.app/SEM";
			};
			name = Release;
		};
		09592B1921CB674D008F3710 /* Debug */ = {
			isa = XCBuildConfiguration;
			buildSettings = {
				ALWAYS_EMBED_SWIFT_STANDARD_LIBRARIES = YES;
				CODE_SIGN_STYLE = Automatic;
				DEVELOPMENT_TEAM = VPM33LB9A7;
				INFOPLIST_FILE = SEMUITests/Info.plist;
				LD_RUNPATH_SEARCH_PATHS = "$(inherited) @executable_path/Frameworks @loader_path/Frameworks";
				PRODUCT_BUNDLE_IDENTIFIER = com.cinnolab.SEMUITests;
				PRODUCT_NAME = "$(TARGET_NAME)";
				SWIFT_VERSION = 4.0;
				TARGETED_DEVICE_FAMILY = "1,2";
				TEST_TARGET_NAME = SEM;
			};
			name = Debug;
		};
		09592B1A21CB674D008F3710 /* Release */ = {
			isa = XCBuildConfiguration;
			buildSettings = {
				ALWAYS_EMBED_SWIFT_STANDARD_LIBRARIES = YES;
				CODE_SIGN_STYLE = Automatic;
				DEVELOPMENT_TEAM = VPM33LB9A7;
				INFOPLIST_FILE = SEMUITests/Info.plist;
				LD_RUNPATH_SEARCH_PATHS = "$(inherited) @executable_path/Frameworks @loader_path/Frameworks";
				PRODUCT_BUNDLE_IDENTIFIER = com.cinnolab.SEMUITests;
				PRODUCT_NAME = "$(TARGET_NAME)";
				SWIFT_VERSION = 4.0;
				TARGETED_DEVICE_FAMILY = "1,2";
				TEST_TARGET_NAME = SEM;
			};
			name = Release;
		};
/* End XCBuildConfiguration section */

/* Begin XCConfigurationList section */
		09592AE521CB674D008F3710 /* Build configuration list for PBXProject "SEM" */ = {
			isa = XCConfigurationList;
			buildConfigurations = (
				09592B1021CB674D008F3710 /* Debug */,
				09592B1121CB674D008F3710 /* Release */,
			);
			defaultConfigurationIsVisible = 0;
			defaultConfigurationName = Release;
		};
		09592B1221CB674D008F3710 /* Build configuration list for PBXNativeTarget "SEM" */ = {
			isa = XCConfigurationList;
			buildConfigurations = (
				09592B1321CB674D008F3710 /* Debug */,
				09592B1421CB674D008F3710 /* Release */,
			);
			defaultConfigurationIsVisible = 0;
			defaultConfigurationName = Release;
		};
		09592B1521CB674D008F3710 /* Build configuration list for PBXNativeTarget "SEMTests" */ = {
			isa = XCConfigurationList;
			buildConfigurations = (
				09592B1621CB674D008F3710 /* Debug */,
				09592B1721CB674D008F3710 /* Release */,
			);
			defaultConfigurationIsVisible = 0;
			defaultConfigurationName = Release;
		};
		09592B1821CB674D008F3710 /* Build configuration list for PBXNativeTarget "SEMUITests" */ = {
			isa = XCConfigurationList;
			buildConfigurations = (
				09592B1921CB674D008F3710 /* Debug */,
				09592B1A21CB674D008F3710 /* Release */,
			);
			defaultConfigurationIsVisible = 0;
			defaultConfigurationName = Release;
		};
/* End XCConfigurationList section */
	};
	rootObject = 09592AE221CB674D008F3710 /* Project object */;
}
